// !$*UTF8*$!
{
	archiveVersion = 1;
	classes = {
	};
	objectVersion = 60;
	objects = {

/* Begin PBXBuildFile section */
		0532AF8E2C9486AB00D8DA70 /* FirebaseAnalytics in Frameworks */ = {isa = PBXBuildFile; productRef = 0532AF8D2C9486AB00D8DA70 /* FirebaseAnalytics */; };
		0532AF902C9488AE00D8DA70 /* FirebaseAnalyticsOnDeviceConversion in Frameworks */ = {isa = PBXBuildFile; productRef = 0532AF8F2C9488AE00D8DA70 /* FirebaseAnalyticsOnDeviceConversion */; };
		0532AF922C9488AE00D8DA70 /* FirebaseAnalyticsWithoutAdIdSupport in Frameworks */ = {isa = PBXBuildFile; productRef = 0532AF912C9488AE00D8DA70 /* FirebaseAnalyticsWithoutAdIdSupport */; };
		0532AF942C9488AE00D8DA70 /* FirebaseAppCheck in Frameworks */ = {isa = PBXBuildFile; productRef = 0532AF932C9488AE00D8DA70 /* FirebaseAppCheck */; };
		0532AF962C9488AE00D8DA70 /* FirebaseAppDistribution-Beta in Frameworks */ = {isa = PBXBuildFile; productRef = 0532AF952C9488AE00D8DA70 /* FirebaseAppDistribution-Beta */; };
		0532AF992C948BB700D8DA70 /* FirebaseAuth in Frameworks */ = {isa = PBXBuildFile; productRef = 0532AF982C948BB700D8DA70 /* FirebaseAuth */; };
		0532AF9B2C948BB700D8DA70 /* FirebaseAuthCombine-Community in Frameworks */ = {isa = PBXBuildFile; productRef = 0532AF9A2C948BB700D8DA70 /* FirebaseAuthCombine-Community */; };
		0532AF9D2C948BB700D8DA70 /* FirebaseCrashlytics in Frameworks */ = {isa = PBXBuildFile; productRef = 0532AF9C2C948BB700D8DA70 /* FirebaseCrashlytics */; };
		0532AF9F2C948BB700D8DA70 /* FirebaseDatabase in Frameworks */ = {isa = PBXBuildFile; productRef = 0532AF9E2C948BB700D8DA70 /* FirebaseDatabase */; };
		0532AFA12C948BB700D8DA70 /* FirebaseDynamicLinks in Frameworks */ = {isa = PBXBuildFile; productRef = 0532AFA02C948BB700D8DA70 /* FirebaseDynamicLinks */; };
		0532AFA32C948BB700D8DA70 /* FirebaseFirestore in Frameworks */ = {isa = PBXBuildFile; productRef = 0532AFA22C948BB700D8DA70 /* FirebaseFirestore */; };
		0532AFA52C948BB700D8DA70 /* FirebaseFirestoreCombine-Community in Frameworks */ = {isa = PBXBuildFile; productRef = 0532AFA42C948BB700D8DA70 /* FirebaseFirestoreCombine-Community */; };
		0532AFA72C948BB700D8DA70 /* FirebaseFunctions in Frameworks */ = {isa = PBXBuildFile; productRef = 0532AFA62C948BB700D8DA70 /* FirebaseFunctions */; };
		0532AFA92C948BB700D8DA70 /* FirebaseFunctionsCombine-Community in Frameworks */ = {isa = PBXBuildFile; productRef = 0532AFA82C948BB700D8DA70 /* FirebaseFunctionsCombine-Community */; };
		0532AFAB2C948BB700D8DA70 /* FirebaseInAppMessaging-Beta in Frameworks */ = {isa = PBXBuildFile; productRef = 0532AFAA2C948BB700D8DA70 /* FirebaseInAppMessaging-Beta */; };
		0532AFAD2C948BB700D8DA70 /* FirebaseInstallations in Frameworks */ = {isa = PBXBuildFile; productRef = 0532AFAC2C948BB700D8DA70 /* FirebaseInstallations */; };
		0532AFAF2C948BB700D8DA70 /* FirebaseMessaging in Frameworks */ = {isa = PBXBuildFile; productRef = 0532AFAE2C948BB700D8DA70 /* FirebaseMessaging */; };
		0532AFB12C948BB700D8DA70 /* FirebaseMLModelDownloader in Frameworks */ = {isa = PBXBuildFile; productRef = 0532AFB02C948BB700D8DA70 /* FirebaseMLModelDownloader */; };
		0532AFB32C948BB700D8DA70 /* FirebasePerformance in Frameworks */ = {isa = PBXBuildFile; productRef = 0532AFB22C948BB700D8DA70 /* FirebasePerformance */; };
		0532AFB52C948BB700D8DA70 /* FirebaseRemoteConfig in Frameworks */ = {isa = PBXBuildFile; productRef = 0532AFB42C948BB700D8DA70 /* FirebaseRemoteConfig */; };
		0532AFB72C948BB700D8DA70 /* FirebaseStorage in Frameworks */ = {isa = PBXBuildFile; productRef = 0532AFB62C948BB700D8DA70 /* FirebaseStorage */; };
		0532AFB92C948BB700D8DA70 /* FirebaseStorageCombine-Community in Frameworks */ = {isa = PBXBuildFile; productRef = 0532AFB82C948BB700D8DA70 /* FirebaseStorageCombine-Community */; };
		0532AFBB2C948BB700D8DA70 /* FirebaseVertexAI-Preview in Frameworks */ = {isa = PBXBuildFile; productRef = 0532AFBA2C948BB700D8DA70 /* FirebaseVertexAI-Preview */; };
		05BB24B32C8F1F8500342D34 /* appaboutnothingApp.swift in Sources */ = {isa = PBXBuildFile; fileRef = 05BB24B22C8F1F8500342D34 /* appaboutnothingApp.swift */; };
		05BB24B52C8F1F8500342D34 /* ContentView.swift in Sources */ = {isa = PBXBuildFile; fileRef = 05BB24B42C8F1F8500342D34 /* ContentView.swift */; };
		05BB24B72C8F1F8500342D34 /* Item.swift in Sources */ = {isa = PBXBuildFile; fileRef = 05BB24B62C8F1F8500342D34 /* Item.swift */; };
		05BB24B92C8F1F8700342D34 /* Assets.xcassets in Resources */ = {isa = PBXBuildFile; fileRef = 05BB24B82C8F1F8700342D34 /* Assets.xcassets */; };
		05BB24BD2C8F1F8700342D34 /* Preview Assets.xcassets in Resources */ = {isa = PBXBuildFile; fileRef = 05BB24BC2C8F1F8700342D34 /* Preview Assets.xcassets */; };
		05E51D382C99CC3C00B8BC20 /* GoogleService-Info-3.plist in Resources */ = {isa = PBXBuildFile; fileRef = 05E51D372C99CC3C00B8BC20 /* GoogleService-Info-3.plist */; };
/* End PBXBuildFile section */

/* Begin PBXFileReference section */
		05BB24AF2C8F1F8500342D34 /* appaboutnothing.app */ = {isa = PBXFileReference; explicitFileType = wrapper.application; includeInIndex = 0; path = appaboutnothing.app; sourceTree = BUILT_PRODUCTS_DIR; };
		05BB24B22C8F1F8500342D34 /* appaboutnothingApp.swift */ = {isa = PBXFileReference; lastKnownFileType = sourcecode.swift; path = appaboutnothingApp.swift; sourceTree = "<group>"; };
		05BB24B42C8F1F8500342D34 /* ContentView.swift */ = {isa = PBXFileReference; lastKnownFileType = sourcecode.swift; path = ContentView.swift; sourceTree = "<group>"; };
		05BB24B62C8F1F8500342D34 /* Item.swift */ = {isa = PBXFileReference; lastKnownFileType = sourcecode.swift; path = Item.swift; sourceTree = "<group>"; };
		05BB24B82C8F1F8700342D34 /* Assets.xcassets */ = {isa = PBXFileReference; lastKnownFileType = folder.assetcatalog; path = Assets.xcassets; sourceTree = "<group>"; };
		05BB24BA2C8F1F8700342D34 /* appaboutnothing.entitlements */ = {isa = PBXFileReference; lastKnownFileType = text.plist.entitlements; path = appaboutnothing.entitlements; sourceTree = "<group>"; };
		05BB24BC2C8F1F8700342D34 /* Preview Assets.xcassets */ = {isa = PBXFileReference; lastKnownFileType = folder.assetcatalog; path = "Preview Assets.xcassets"; sourceTree = "<group>"; };
		05E51D372C99CC3C00B8BC20 /* GoogleService-Info-3.plist */ = {isa = PBXFileReference; fileEncoding = 4; lastKnownFileType = text.plist.xml; name = "GoogleService-Info-3.plist"; path = "../../../../Downloads/GoogleService-Info-3.plist"; sourceTree = "<group>"; };
/* End PBXFileReference section */

/* Begin PBXFrameworksBuildPhase section */
		05BB24AC2C8F1F8500342D34 /* Frameworks */ = {
			isa = PBXFrameworksBuildPhase;
			buildActionMask = 2147483647;
			files = (
				0532AFB92C948BB700D8DA70 /* FirebaseStorageCombine-Community in Frameworks */,
				0532AF942C9488AE00D8DA70 /* FirebaseAppCheck in Frameworks */,
				0532AF992C948BB700D8DA70 /* FirebaseAuth in Frameworks */,
				0532AF8E2C9486AB00D8DA70 /* FirebaseAnalytics in Frameworks */,
				0532AF962C9488AE00D8DA70 /* FirebaseAppDistribution-Beta in Frameworks */,
				0532AF922C9488AE00D8DA70 /* FirebaseAnalyticsWithoutAdIdSupport in Frameworks */,
				0532AF9D2C948BB700D8DA70 /* FirebaseCrashlytics in Frameworks */,
				0532AF9F2C948BB700D8DA70 /* FirebaseDatabase in Frameworks */,
				0532AFA92C948BB700D8DA70 /* FirebaseFunctionsCombine-Community in Frameworks */,
				0532AF9B2C948BB700D8DA70 /* FirebaseAuthCombine-Community in Frameworks */,
				0532AFAF2C948BB700D8DA70 /* FirebaseMessaging in Frameworks */,
				0532AF902C9488AE00D8DA70 /* FirebaseAnalyticsOnDeviceConversion in Frameworks */,
				0532AFB72C948BB700D8DA70 /* FirebaseStorage in Frameworks */,
				0532AFA72C948BB700D8DA70 /* FirebaseFunctions in Frameworks */,
				0532AFAD2C948BB700D8DA70 /* FirebaseInstallations in Frameworks */,
				0532AFA52C948BB700D8DA70 /* FirebaseFirestoreCombine-Community in Frameworks */,
				0532AFB32C948BB700D8DA70 /* FirebasePerformance in Frameworks */,
				0532AFA32C948BB700D8DA70 /* FirebaseFirestore in Frameworks */,
				0532AFB12C948BB700D8DA70 /* FirebaseMLModelDownloader in Frameworks */,
				0532AFA12C948BB700D8DA70 /* FirebaseDynamicLinks in Frameworks */,
				0532AFAB2C948BB700D8DA70 /* FirebaseInAppMessaging-Beta in Frameworks */,
				0532AFBB2C948BB700D8DA70 /* FirebaseVertexAI-Preview in Frameworks */,
				0532AFB52C948BB700D8DA70 /* FirebaseRemoteConfig in Frameworks */,
			);
			runOnlyForDeploymentPostprocessing = 0;
		};
/* End PBXFrameworksBuildPhase section */

/* Begin PBXGroup section */
		0532AF972C948BB700D8DA70 /* Frameworks */ = {
			isa = PBXGroup;
			children = (
			);
			name = Frameworks;
			sourceTree = "<group>";
		};
		05BB24A62C8F1F8500342D34 = {
			isa = PBXGroup;
			children = (
				05BB24B12C8F1F8500342D34 /* appaboutnothing */,
				05BB24B02C8F1F8500342D34 /* Products */,
				0532AF972C948BB700D8DA70 /* Frameworks */,
			);
			sourceTree = "<group>";
		};
		05BB24B02C8F1F8500342D34 /* Products */ = {
			isa = PBXGroup;
			children = (
				05BB24AF2C8F1F8500342D34 /* appaboutnothing.app */,
			);
			name = Products;
			sourceTree = "<group>";
		};
		05BB24B12C8F1F8500342D34 /* appaboutnothing */ = {
			isa = PBXGroup;
			children = (
				05E51D372C99CC3C00B8BC20 /* GoogleService-Info-3.plist */,
				05BB24B22C8F1F8500342D34 /* appaboutnothingApp.swift */,
				05BB24B42C8F1F8500342D34 /* ContentView.swift */,
				05BB24B62C8F1F8500342D34 /* Item.swift */,
				05BB24B82C8F1F8700342D34 /* Assets.xcassets */,
				05BB24BA2C8F1F8700342D34 /* appaboutnothing.entitlements */,
				05BB24BB2C8F1F8700342D34 /* Preview Content */,
			);
			path = appaboutnothing;
			sourceTree = "<group>";
		};
		05BB24BB2C8F1F8700342D34 /* Preview Content */ = {
			isa = PBXGroup;
			children = (
				05BB24BC2C8F1F8700342D34 /* Preview Assets.xcassets */,
			);
			path = "Preview Content";
			sourceTree = "<group>";
		};
/* End PBXGroup section */

/* Begin PBXNativeTarget section */
		05BB24AE2C8F1F8500342D34 /* appaboutnothing */ = {
			isa = PBXNativeTarget;
			buildConfigurationList = 05BB24C02C8F1F8700342D34 /* Build configuration list for PBXNativeTarget "appaboutnothing" */;
			buildPhases = (
				05BB24AB2C8F1F8500342D34 /* Sources */,
				05BB24AC2C8F1F8500342D34 /* Frameworks */,
				05BB24AD2C8F1F8500342D34 /* Resources */,
			);
			buildRules = (
			);
			dependencies = (
			);
			name = appaboutnothing;
			packageProductDependencies = (
				0532AF8D2C9486AB00D8DA70 /* FirebaseAnalytics */,
				0532AF8F2C9488AE00D8DA70 /* FirebaseAnalyticsOnDeviceConversion */,
				0532AF912C9488AE00D8DA70 /* FirebaseAnalyticsWithoutAdIdSupport */,
				0532AF932C9488AE00D8DA70 /* FirebaseAppCheck */,
				0532AF952C9488AE00D8DA70 /* FirebaseAppDistribution-Beta */,
				0532AF982C948BB700D8DA70 /* FirebaseAuth */,
				0532AF9A2C948BB700D8DA70 /* FirebaseAuthCombine-Community */,
				0532AF9C2C948BB700D8DA70 /* FirebaseCrashlytics */,
				0532AF9E2C948BB700D8DA70 /* FirebaseDatabase */,
				0532AFA02C948BB700D8DA70 /* FirebaseDynamicLinks */,
				0532AFA22C948BB700D8DA70 /* FirebaseFirestore */,
				0532AFA42C948BB700D8DA70 /* FirebaseFirestoreCombine-Community */,
				0532AFA62C948BB700D8DA70 /* FirebaseFunctions */,
				0532AFA82C948BB700D8DA70 /* FirebaseFunctionsCombine-Community */,
				0532AFAA2C948BB700D8DA70 /* FirebaseInAppMessaging-Beta */,
				0532AFAC2C948BB700D8DA70 /* FirebaseInstallations */,
				0532AFAE2C948BB700D8DA70 /* FirebaseMessaging */,
				0532AFB02C948BB700D8DA70 /* FirebaseMLModelDownloader */,
				0532AFB22C948BB700D8DA70 /* FirebasePerformance */,
				0532AFB42C948BB700D8DA70 /* FirebaseRemoteConfig */,
				0532AFB62C948BB700D8DA70 /* FirebaseStorage */,
				0532AFB82C948BB700D8DA70 /* FirebaseStorageCombine-Community */,
				0532AFBA2C948BB700D8DA70 /* FirebaseVertexAI-Preview */,
			);
			productName = appaboutnothing;
			productReference = 05BB24AF2C8F1F8500342D34 /* appaboutnothing.app */;
			productType = "com.apple.product-type.application";
		};
/* End PBXNativeTarget section */

/* Begin PBXProject section */
		05BB24A72C8F1F8500342D34 /* Project object */ = {
			isa = PBXProject;
			attributes = {
				BuildIndependentTargetsInParallel = 1;
				LastSwiftUpdateCheck = 1540;
				LastUpgradeCheck = 1540;
				TargetAttributes = {
					05BB24AE2C8F1F8500342D34 = {
						CreatedOnToolsVersion = 15.4;
					};
				};
			};
			buildConfigurationList = 05BB24AA2C8F1F8500342D34 /* Build configuration list for PBXProject "appaboutnothing" */;
			compatibilityVersion = "Xcode 15.0";
			developmentRegion = en;
			hasScannedForEncodings = 0;
			knownRegions = (
				en,
				Base,
			);
			mainGroup = 05BB24A62C8F1F8500342D34;
			packageReferences = (
				0532AF8C2C9486AB00D8DA70 /* XCRemoteSwiftPackageReference "firebase-ios-sdk" */,
			);
			productRefGroup = 05BB24B02C8F1F8500342D34 /* Products */;
			projectDirPath = "";
			projectRoot = "";
			targets = (
				05BB24AE2C8F1F8500342D34 /* appaboutnothing */,
			);
		};
/* End PBXProject section */

/* Begin PBXResourcesBuildPhase section */
		05BB24AD2C8F1F8500342D34 /* Resources */ = {
			isa = PBXResourcesBuildPhase;
			buildActionMask = 2147483647;
			files = (
				05BB24BD2C8F1F8700342D34 /* Preview Assets.xcassets in Resources */,
				05BB24B92C8F1F8700342D34 /* Assets.xcassets in Resources */,
				05E51D382C99CC3C00B8BC20 /* GoogleService-Info-3.plist in Resources */,
			);
			runOnlyForDeploymentPostprocessing = 0;
		};
/* End PBXResourcesBuildPhase section */

/* Begin PBXSourcesBuildPhase section */
		05BB24AB2C8F1F8500342D34 /* Sources */ = {
			isa = PBXSourcesBuildPhase;
			buildActionMask = 2147483647;
			files = (
				05BB24B52C8F1F8500342D34 /* ContentView.swift in Sources */,
				05BB24B72C8F1F8500342D34 /* Item.swift in Sources */,
				05BB24B32C8F1F8500342D34 /* appaboutnothingApp.swift in Sources */,
			);
			runOnlyForDeploymentPostprocessing = 0;
		};
/* End PBXSourcesBuildPhase section */

/* Begin XCBuildConfiguration section */
		05BB24BE2C8F1F8700342D34 /* Debug */ = {
			isa = XCBuildConfiguration;
			buildSettings = {
				ALWAYS_SEARCH_USER_PATHS = NO;
				ASSETCATALOG_COMPILER_GENERATE_SWIFT_ASSET_SYMBOL_EXTENSIONS = YES;
				CLANG_ANALYZER_NONNULL = YES;
				CLANG_ANALYZER_NUMBER_OBJECT_CONVERSION = YES_AGGRESSIVE;
				CLANG_CXX_LANGUAGE_STANDARD = "gnu++20";
				CLANG_ENABLE_MODULES = YES;
				CLANG_ENABLE_OBJC_ARC = YES;
				CLANG_ENABLE_OBJC_WEAK = YES;
				CLANG_WARN_BLOCK_CAPTURE_AUTORELEASING = YES;
				CLANG_WARN_BOOL_CONVERSION = YES;
				CLANG_WARN_COMMA = YES;
				CLANG_WARN_CONSTANT_CONVERSION = YES;
				CLANG_WARN_DEPRECATED_OBJC_IMPLEMENTATIONS = YES;
				CLANG_WARN_DIRECT_OBJC_ISA_USAGE = YES_ERROR;
				CLANG_WARN_DOCUMENTATION_COMMENTS = YES;
				CLANG_WARN_EMPTY_BODY = YES;
				CLANG_WARN_ENUM_CONVERSION = YES;
				CLANG_WARN_INFINITE_RECURSION = YES;
				CLANG_WARN_INT_CONVERSION = YES;
				CLANG_WARN_NON_LITERAL_NULL_CONVERSION = YES;
				CLANG_WARN_OBJC_IMPLICIT_RETAIN_SELF = YES;
				CLANG_WARN_OBJC_LITERAL_CONVERSION = YES;
				CLANG_WARN_OBJC_ROOT_CLASS = YES_ERROR;
				CLANG_WARN_QUOTED_INCLUDE_IN_FRAMEWORK_HEADER = YES;
				CLANG_WARN_RANGE_LOOP_ANALYSIS = YES;
				CLANG_WARN_STRICT_PROTOTYPES = YES;
				CLANG_WARN_SUSPICIOUS_MOVE = YES;
				CLANG_WARN_UNGUARDED_AVAILABILITY = YES_AGGRESSIVE;
				CLANG_WARN_UNREACHABLE_CODE = YES;
				CLANG_WARN__DUPLICATE_METHOD_MATCH = YES;
				COPY_PHASE_STRIP = NO;
				DEBUG_INFORMATION_FORMAT = dwarf;
				ENABLE_STRICT_OBJC_MSGSEND = YES;
				ENABLE_TESTABILITY = YES;
				ENABLE_USER_SCRIPT_SANDBOXING = YES;
				GCC_C_LANGUAGE_STANDARD = gnu17;
				GCC_DYNAMIC_NO_PIC = NO;
				GCC_NO_COMMON_BLOCKS = YES;
				GCC_OPTIMIZATION_LEVEL = 0;
				GCC_PREPROCESSOR_DEFINITIONS = (
					"DEBUG=1",
					"$(inherited)",
				);
				GCC_WARN_64_TO_32_BIT_CONVERSION = YES;
				GCC_WARN_ABOUT_RETURN_TYPE = YES_ERROR;
				GCC_WARN_UNDECLARED_SELECTOR = YES;
				GCC_WARN_UNINITIALIZED_AUTOS = YES_AGGRESSIVE;
				GCC_WARN_UNUSED_FUNCTION = YES;
				GCC_WARN_UNUSED_VARIABLE = YES;
				LOCALIZATION_PREFERS_STRING_CATALOGS = YES;
				MTL_ENABLE_DEBUG_INFO = INCLUDE_SOURCE;
				MTL_FAST_MATH = YES;
				ONLY_ACTIVE_ARCH = YES;
				SWIFT_ACTIVE_COMPILATION_CONDITIONS = "DEBUG $(inherited)";
				SWIFT_OPTIMIZATION_LEVEL = "-Onone";
			};
			name = Debug;
		};
		05BB24BF2C8F1F8700342D34 /* Release */ = {
			isa = XCBuildConfiguration;
			buildSettings = {
				ALWAYS_SEARCH_USER_PATHS = NO;
				ASSETCATALOG_COMPILER_GENERATE_SWIFT_ASSET_SYMBOL_EXTENSIONS = YES;
				CLANG_ANALYZER_NONNULL = YES;
				CLANG_ANALYZER_NUMBER_OBJECT_CONVERSION = YES_AGGRESSIVE;
				CLANG_CXX_LANGUAGE_STANDARD = "gnu++20";
				CLANG_ENABLE_MODULES = YES;
				CLANG_ENABLE_OBJC_ARC = YES;
				CLANG_ENABLE_OBJC_WEAK = YES;
				CLANG_WARN_BLOCK_CAPTURE_AUTORELEASING = YES;
				CLANG_WARN_BOOL_CONVERSION = YES;
				CLANG_WARN_COMMA = YES;
				CLANG_WARN_CONSTANT_CONVERSION = YES;
				CLANG_WARN_DEPRECATED_OBJC_IMPLEMENTATIONS = YES;
				CLANG_WARN_DIRECT_OBJC_ISA_USAGE = YES_ERROR;
				CLANG_WARN_DOCUMENTATION_COMMENTS = YES;
				CLANG_WARN_EMPTY_BODY = YES;
				CLANG_WARN_ENUM_CONVERSION = YES;
				CLANG_WARN_INFINITE_RECURSION = YES;
				CLANG_WARN_INT_CONVERSION = YES;
				CLANG_WARN_NON_LITERAL_NULL_CONVERSION = YES;
				CLANG_WARN_OBJC_IMPLICIT_RETAIN_SELF = YES;
				CLANG_WARN_OBJC_LITERAL_CONVERSION = YES;
				CLANG_WARN_OBJC_ROOT_CLASS = YES_ERROR;
				CLANG_WARN_QUOTED_INCLUDE_IN_FRAMEWORK_HEADER = YES;
				CLANG_WARN_RANGE_LOOP_ANALYSIS = YES;
				CLANG_WARN_STRICT_PROTOTYPES = YES;
				CLANG_WARN_SUSPICIOUS_MOVE = YES;
				CLANG_WARN_UNGUARDED_AVAILABILITY = YES_AGGRESSIVE;
				CLANG_WARN_UNREACHABLE_CODE = YES;
				CLANG_WARN__DUPLICATE_METHOD_MATCH = YES;
				COPY_PHASE_STRIP = NO;
				DEBUG_INFORMATION_FORMAT = "dwarf-with-dsym";
				ENABLE_NS_ASSERTIONS = NO;
				ENABLE_STRICT_OBJC_MSGSEND = YES;
				ENABLE_USER_SCRIPT_SANDBOXING = YES;
				GCC_C_LANGUAGE_STANDARD = gnu17;
				GCC_NO_COMMON_BLOCKS = YES;
				GCC_WARN_64_TO_32_BIT_CONVERSION = YES;
				GCC_WARN_ABOUT_RETURN_TYPE = YES_ERROR;
				GCC_WARN_UNDECLARED_SELECTOR = YES;
				GCC_WARN_UNINITIALIZED_AUTOS = YES_AGGRESSIVE;
				GCC_WARN_UNUSED_FUNCTION = YES;
				GCC_WARN_UNUSED_VARIABLE = YES;
				LOCALIZATION_PREFERS_STRING_CATALOGS = YES;
				MTL_ENABLE_DEBUG_INFO = NO;
				MTL_FAST_MATH = YES;
				SWIFT_COMPILATION_MODE = wholemodule;
			};
			name = Release;
		};
		05BB24C12C8F1F8700342D34 /* Debug */ = {
			isa = XCBuildConfiguration;
			buildSettings = {
				ASSETCATALOG_COMPILER_APPICON_NAME = AppIcon;
				ASSETCATALOG_COMPILER_GLOBAL_ACCENT_COLOR_NAME = AccentColor;
				CODE_SIGN_ENTITLEMENTS = appaboutnothing/appaboutnothing.entitlements;
				CODE_SIGN_STYLE = Automatic;
				CURRENT_PROJECT_VERSION = 1;
				DEVELOPMENT_ASSET_PATHS = "\"appaboutnothing/Preview Content\"";
				DEVELOPMENT_TEAM = ULL8H4PY44;
				ENABLE_HARDENED_RUNTIME = YES;
				ENABLE_PREVIEWS = YES;
				GENERATE_INFOPLIST_FILE = YES;
				"INFOPLIST_KEY_UIApplicationSceneManifest_Generation[sdk=iphoneos*]" = YES;
				"INFOPLIST_KEY_UIApplicationSceneManifest_Generation[sdk=iphonesimulator*]" = YES;
				"INFOPLIST_KEY_UIApplicationSupportsIndirectInputEvents[sdk=iphoneos*]" = YES;
				"INFOPLIST_KEY_UIApplicationSupportsIndirectInputEvents[sdk=iphonesimulator*]" = YES;
				"INFOPLIST_KEY_UILaunchScreen_Generation[sdk=iphoneos*]" = YES;
				"INFOPLIST_KEY_UILaunchScreen_Generation[sdk=iphonesimulator*]" = YES;
				"INFOPLIST_KEY_UIStatusBarStyle[sdk=iphoneos*]" = UIStatusBarStyleDefault;
				"INFOPLIST_KEY_UIStatusBarStyle[sdk=iphonesimulator*]" = UIStatusBarStyleDefault;
				INFOPLIST_KEY_UISupportedInterfaceOrientations_iPad = "UIInterfaceOrientationPortrait UIInterfaceOrientationPortraitUpsideDown UIInterfaceOrientationLandscapeLeft UIInterfaceOrientationLandscapeRight";
				INFOPLIST_KEY_UISupportedInterfaceOrientations_iPhone = "UIInterfaceOrientationPortrait UIInterfaceOrientationLandscapeLeft UIInterfaceOrientationLandscapeRight";
				IPHONEOS_DEPLOYMENT_TARGET = 17.6.1;
				LD_RUNPATH_SEARCH_PATHS = "@executable_path/Frameworks";
				"LD_RUNPATH_SEARCH_PATHS[sdk=macosx*]" = "@executable_path/../Frameworks";
				MACOSX_DEPLOYMENT_TARGET = "$(RECOMMENDED_MACOSX_DEPLOYMENT_TARGET)";
				MARKETING_VERSION = 1.0;
				PRODUCT_BUNDLE_IDENTIFIER = "Jayden-Cheris.appaboutnothing";
				PRODUCT_NAME = "$(TARGET_NAME)";
				SDKROOT = auto;
				SUPPORTED_PLATFORMS = "iphoneos iphonesimulator macosx";
				SWIFT_EMIT_LOC_STRINGS = YES;
				SWIFT_VERSION = 5.0;
				TARGETED_DEVICE_FAMILY = "1,2";
			};
			name = Debug;
		};
		05BB24C22C8F1F8700342D34 /* Release */ = {
			isa = XCBuildConfiguration;
			buildSettings = {
				ASSETCATALOG_COMPILER_APPICON_NAME = AppIcon;
				ASSETCATALOG_COMPILER_GLOBAL_ACCENT_COLOR_NAME = AccentColor;
				CODE_SIGN_ENTITLEMENTS = appaboutnothing/appaboutnothing.entitlements;
				CODE_SIGN_STYLE = Automatic;
				CURRENT_PROJECT_VERSION = 1;
				DEVELOPMENT_ASSET_PATHS = "\"appaboutnothing/Preview Content\"";
				DEVELOPMENT_TEAM = ULL8H4PY44;
				ENABLE_HARDENED_RUNTIME = YES;
				ENABLE_PREVIEWS = YES;
				GENERATE_INFOPLIST_FILE = YES;
				"INFOPLIST_KEY_UIApplicationSceneManifest_Generation[sdk=iphoneos*]" = YES;
				"INFOPLIST_KEY_UIApplicationSceneManifest_Generation[sdk=iphonesimulator*]" = YES;
				"INFOPLIST_KEY_UIApplicationSupportsIndirectInputEvents[sdk=iphoneos*]" = YES;
				"INFOPLIST_KEY_UIApplicationSupportsIndirectInputEvents[sdk=iphonesimulator*]" = YES;
				"INFOPLIST_KEY_UILaunchScreen_Generation[sdk=iphoneos*]" = YES;
				"INFOPLIST_KEY_UILaunchScreen_Generation[sdk=iphonesimulator*]" = YES;
				"INFOPLIST_KEY_UIStatusBarStyle[sdk=iphoneos*]" = UIStatusBarStyleDefault;
				"INFOPLIST_KEY_UIStatusBarStyle[sdk=iphonesimulator*]" = UIStatusBarStyleDefault;
				INFOPLIST_KEY_UISupportedInterfaceOrientations_iPad = "UIInterfaceOrientationPortrait UIInterfaceOrientationPortraitUpsideDown UIInterfaceOrientationLandscapeLeft UIInterfaceOrientationLandscapeRight";
				INFOPLIST_KEY_UISupportedInterfaceOrientations_iPhone = "UIInterfaceOrientationPortrait UIInterfaceOrientationLandscapeLeft UIInterfaceOrientationLandscapeRight";
				IPHONEOS_DEPLOYMENT_TARGET = 17.6.1;
				LD_RUNPATH_SEARCH_PATHS = "@executable_path/Frameworks";
				"LD_RUNPATH_SEARCH_PATHS[sdk=macosx*]" = "@executable_path/../Frameworks";
				MACOSX_DEPLOYMENT_TARGET = "$(RECOMMENDED_MACOSX_DEPLOYMENT_TARGET)";
				MARKETING_VERSION = 1.0;
				PRODUCT_BUNDLE_IDENTIFIER = "Jayden-Cheris.appaboutnothing";
				PRODUCT_NAME = "$(TARGET_NAME)";
				SDKROOT = auto;
				SUPPORTED_PLATFORMS = "iphoneos iphonesimulator macosx";
				SWIFT_EMIT_LOC_STRINGS = YES;
				SWIFT_VERSION = 5.0;
				TARGETED_DEVICE_FAMILY = "1,2";
			};
			name = Release;
		};
/* End XCBuildConfiguration section */

/* Begin XCConfigurationList section */
		05BB24AA2C8F1F8500342D34 /* Build configuration list for PBXProject "appaboutnothing" */ = {
			isa = XCConfigurationList;
			buildConfigurations = (
				05BB24BE2C8F1F8700342D34 /* Debug */,
				05BB24BF2C8F1F8700342D34 /* Release */,
			);
			defaultConfigurationIsVisible = 0;
			defaultConfigurationName = Release;
		};
		05BB24C02C8F1F8700342D34 /* Build configuration list for PBXNativeTarget "appaboutnothing" */ = {
			isa = XCConfigurationList;
			buildConfigurations = (
				05BB24C12C8F1F8700342D34 /* Debug */,
				05BB24C22C8F1F8700342D34 /* Release */,
			);
			defaultConfigurationIsVisible = 0;
			defaultConfigurationName = Release;
		};
/* End XCConfigurationList section */

/* Begin XCRemoteSwiftPackageReference section */
		0532AF8C2C9486AB00D8DA70 /* XCRemoteSwiftPackageReference "firebase-ios-sdk" */ = {
			isa = XCRemoteSwiftPackageReference;
			repositoryURL = "https://github.com/firebase/firebase-ios-sdk";
			requirement = {
				kind = upToNextMajorVersion;
				minimumVersion = 11.2.0;
			};
		};
/* End XCRemoteSwiftPackageReference section */

/* Begin XCSwiftPackageProductDependency section */
		0532AF8D2C9486AB00D8DA70 /* FirebaseAnalytics */ = {
			isa = XCSwiftPackageProductDependency;
			package = 0532AF8C2C9486AB00D8DA70 /* XCRemoteSwiftPackageReference "firebase-ios-sdk" */;
			productName = FirebaseAnalytics;
		};
		0532AF8F2C9488AE00D8DA70 /* FirebaseAnalyticsOnDeviceConversion */ = {
			isa = XCSwiftPackageProductDependency;
			package = 0532AF8C2C9486AB00D8DA70 /* XCRemoteSwiftPackageReference "firebase-ios-sdk" */;
			productName = FirebaseAnalyticsOnDeviceConversion;
		};
		0532AF912C9488AE00D8DA70 /* FirebaseAnalyticsWithoutAdIdSupport */ = {
			isa = XCSwiftPackageProductDependency;
			package = 0532AF8C2C9486AB00D8DA70 /* XCRemoteSwiftPackageReference "firebase-ios-sdk" */;
			productName = FirebaseAnalyticsWithoutAdIdSupport;
		};
		0532AF932C9488AE00D8DA70 /* FirebaseAppCheck */ = {
			isa = XCSwiftPackageProductDependency;
			package = 0532AF8C2C9486AB00D8DA70 /* XCRemoteSwiftPackageReference "firebase-ios-sdk" */;
			productName = FirebaseAppCheck;
		};
		0532AF952C9488AE00D8DA70 /* FirebaseAppDistribution-Beta */ = {
			isa = XCSwiftPackageProductDependency;
			package = 0532AF8C2C9486AB00D8DA70 /* XCRemoteSwiftPackageReference "firebase-ios-sdk" */;
			productName = "FirebaseAppDistribution-Beta";
		};
		0532AF982C948BB700D8DA70 /* FirebaseAuth */ = {
			isa = XCSwiftPackageProductDependency;
			package = 0532AF8C2C9486AB00D8DA70 /* XCRemoteSwiftPackageReference "firebase-ios-sdk" */;
			productName = FirebaseAuth;
		};
		0532AF9A2C948BB700D8DA70 /* FirebaseAuthCombine-Community */ = {
			isa = XCSwiftPackageProductDependency;
			package = 0532AF8C2C9486AB00D8DA70 /* XCRemoteSwiftPackageReference "firebase-ios-sdk" */;
			productName = "FirebaseAuthCombine-Community";
		};
		0532AF9C2C948BB700D8DA70 /* FirebaseCrashlytics */ = {
			isa = XCSwiftPackageProductDependency;
			package = 0532AF8C2C9486AB00D8DA70 /* XCRemoteSwiftPackageReference "firebase-ios-sdk" */;
			productName = FirebaseCrashlytics;
		};
		0532AF9E2C948BB700D8DA70 /* FirebaseDatabase */ = {
			isa = XCSwiftPackageProductDependency;
			package = 0532AF8C2C9486AB00D8DA70 /* XCRemoteSwiftPackageReference "firebase-ios-sdk" */;
			productName = FirebaseDatabase;
		};
		0532AFA02C948BB700D8DA70 /* FirebaseDynamicLinks */ = {
			isa = XCSwiftPackageProductDependency;
			package = 0532AF8C2C9486AB00D8DA70 /* XCRemoteSwiftPackageReference "firebase-ios-sdk" */;
			productName = FirebaseDynamicLinks;
		};
		0532AFA22C948BB700D8DA70 /* FirebaseFirestore */ = {
			isa = XCSwiftPackageProductDependency;
			package = 0532AF8C2C9486AB00D8DA70 /* XCRemoteSwiftPackageReference "firebase-ios-sdk" */;
			productName = FirebaseFirestore;
		};
		0532AFA42C948BB700D8DA70 /* FirebaseFirestoreCombine-Community */ = {
			isa = XCSwiftPackageProductDependency;
			package = 0532AF8C2C9486AB00D8DA70 /* XCRemoteSwiftPackageReference "firebase-ios-sdk" */;
			productName = "FirebaseFirestoreCombine-Community";
		};
		0532AFA62C948BB700D8DA70 /* FirebaseFunctions */ = {
			isa = XCSwiftPackageProductDependency;
			package = 0532AF8C2C9486AB00D8DA70 /* XCRemoteSwiftPackageReference "firebase-ios-sdk" */;
			productName = FirebaseFunctions;
		};
		0532AFA82C948BB700D8DA70 /* FirebaseFunctionsCombine-Community */ = {
			isa = XCSwiftPackageProductDependency;
			package = 0532AF8C2C9486AB00D8DA70 /* XCRemoteSwiftPackageReference "firebase-ios-sdk" */;
			productName = "FirebaseFunctionsCombine-Community";
		};
		0532AFAA2C948BB700D8DA70 /* FirebaseInAppMessaging-Beta */ = {
			isa = XCSwiftPackageProductDependency;
			package = 0532AF8C2C9486AB00D8DA70 /* XCRemoteSwiftPackageReference "firebase-ios-sdk" */;
			productName = "FirebaseInAppMessaging-Beta";
		};
		0532AFAC2C948BB700D8DA70 /* FirebaseInstallations */ = {
			isa = XCSwiftPackageProductDependency;
			package = 0532AF8C2C9486AB00D8DA70 /* XCRemoteSwiftPackageReference "firebase-ios-sdk" */;
			productName = FirebaseInstallations;
		};
		0532AFAE2C948BB700D8DA70 /* FirebaseMessaging */ = {
			isa = XCSwiftPackageProductDependency;
			package = 0532AF8C2C9486AB00D8DA70 /* XCRemoteSwiftPackageReference "firebase-ios-sdk" */;
			productName = FirebaseMessaging;
		};
		0532AFB02C948BB700D8DA70 /* FirebaseMLModelDownloader */ = {
			isa = XCSwiftPackageProductDependency;
			package = 0532AF8C2C9486AB00D8DA70 /* XCRemoteSwiftPackageReference "firebase-ios-sdk" */;
			productName = FirebaseMLModelDownloader;
		};
		0532AFB22C948BB700D8DA70 /* FirebasePerformance */ = {
			isa = XCSwiftPackageProductDependency;
			package = 0532AF8C2C9486AB00D8DA70 /* XCRemoteSwiftPackageReference "firebase-ios-sdk" */;
			productName = FirebasePerformance;
		};
		0532AFB42C948BB700D8DA70 /* FirebaseRemoteConfig */ = {
			isa = XCSwiftPackageProductDependency;
			package = 0532AF8C2C9486AB00D8DA70 /* XCRemoteSwiftPackageReference "firebase-ios-sdk" */;
			productName = FirebaseRemoteConfig;
		};
		0532AFB62C948BB700D8DA70 /* FirebaseStorage */ = {
			isa = XCSwiftPackageProductDependency;
			package = 0532AF8C2C9486AB00D8DA70 /* XCRemoteSwiftPackageReference "firebase-ios-sdk" */;
			productName = FirebaseStorage;
		};
		0532AFB82C948BB700D8DA70 /* FirebaseStorageCombine-Community */ = {
			isa = XCSwiftPackageProductDependency;
			package = 0532AF8C2C9486AB00D8DA70 /* XCRemoteSwiftPackageReference "firebase-ios-sdk" */;
			productName = "FirebaseStorageCombine-Community";
		};
		0532AFBA2C948BB700D8DA70 /* FirebaseVertexAI-Preview */ = {
			isa = XCSwiftPackageProductDependency;
			package = 0532AF8C2C9486AB00D8DA70 /* XCRemoteSwiftPackageReference "firebase-ios-sdk" */;
			productName = "FirebaseVertexAI-Preview";
		};
/* End XCSwiftPackageProductDependency section */
	};
	rootObject = 05BB24A72C8F1F8500342D34 /* Project object */;
}
